<?xml version="1.0" encoding="utf-8"?>
<Project ToolsVersion="4.0" xmlns="http://schemas.microsoft.com/developer/msbuild/2003">
  <ItemGroup>
    <Filter Include="Pliki źródłowe">
      <UniqueIdentifier>{4FC737F1-C7A5-4376-A066-2A32D752A2FF}</UniqueIdentifier>
      <Extensions>cpp;c;cc;cxx;c++;cppm;ixx;def;odl;idl;hpj;bat;asm;asmx</Extensions>
    </Filter>
    <Filter Include="Pliki nagłówkowe">
      <UniqueIdentifier>{93995380-89BD-4b04-88EB-625FBE52EBFB}</UniqueIdentifier>
      <Extensions>h;hh;hpp;hxx;h++;hm;inl;inc;ipp;xsd</Extensions>
    </Filter>
    <Filter Include="Pliki zasobów">
      <UniqueIdentifier>{67DA6AB6-F800-4c08-8B7A-83BB121AAD01}</UniqueIdentifier>
      <Extensions>rc;ico;cur;bmp;dlg;rc2;rct;bin;rgs;gif;jpg;jpeg;jpe;resx;tiff;tif;png;wav;mfcribbon-ms</Extensions>
    </Filter>
    <Filter Include="Pliki źródłowe\imgui">
      <UniqueIdentifier>{65853608-48a1-430b-a7cb-7edad39d84e3}</UniqueIdentifier>
    </Filter>
    <Filter Include="Pliki nagłówkowe\imgui">
      <UniqueIdentifier>{699c5b41-ffdb-4638-98f1-137219b13f9f}</UniqueIdentifier>
    </Filter>
    <Filter Include="Pliki nagłówkowe\objects">
      <UniqueIdentifier>{6da54ea1-2f08-45e0-8650-431eeae5f857}</UniqueIdentifier>
    </Filter>
    <Filter Include="Pliki źródłowe\objects">
      <UniqueIdentifier>{927601aa-9bcd-4737-904b-b971a6954cdb}</UniqueIdentifier>
    </Filter>
    <Filter Include="Pliki nagłówkowe\Render">
      <UniqueIdentifier>{4ef8621b-454f-4e1d-922d-ab8edcd5d768}</UniqueIdentifier>
    </Filter>
    <Filter Include="Pliki nagłówkowe\Render\UI">
      <UniqueIdentifier>{7087a9d1-66ee-4db3-9064-3b43db650a1a}</UniqueIdentifier>
    </Filter>
    <Filter Include="Pliki nagłówkowe\Render\Context">
      <UniqueIdentifier>{e9676b50-b311-4e8e-bde7-e9596ba8d028}</UniqueIdentifier>
    </Filter>
    <Filter Include="Pliki źródłowe\Render">
      <UniqueIdentifier>{b64ae5d9-54e3-4ea0-b881-cc2ac68cb855}</UniqueIdentifier>
    </Filter>
    <Filter Include="Pliki źródłowe\Render\UI">
      <UniqueIdentifier>{3347633f-d889-4fb3-a30e-c7b723afd9e3}</UniqueIdentifier>
    </Filter>
    <Filter Include="Pliki źródłowe\Render\Context">
      <UniqueIdentifier>{06ab498e-5004-478e-94e1-130baaa4a186}</UniqueIdentifier>
    </Filter>
    <Filter Include="Pliki nagłówkowe\ECS">
      <UniqueIdentifier>{9fb2fb28-17cb-448f-ad2a-3db46dbd5866}</UniqueIdentifier>
    </Filter>
    <Filter Include="Pliki źródłowe\ECS">
      <UniqueIdentifier>{64a5c96f-2fc6-4535-99db-1435fcb16cdd}</UniqueIdentifier>
    </Filter>
    <Filter Include="Pliki nagłówkowe\ECS\Components">
      <UniqueIdentifier>{091e936d-2829-436b-817c-11202f5be670}</UniqueIdentifier>
    </Filter>
    <Filter Include="Pliki źródłowe\ECS\Components">
      <UniqueIdentifier>{3b4e72ef-667e-4e97-bf13-6bd35b08214d}</UniqueIdentifier>
    </Filter>
    <Filter Include="Pliki nagłówkowe\ECS\Systems">
      <UniqueIdentifier>{9427fa4e-45cb-4a88-94fb-0143123b7164}</UniqueIdentifier>
    </Filter>
    <Filter Include="Pliki źródłowe\ECS\Systems">
      <UniqueIdentifier>{5034786d-7a7f-4d63-a2c4-6a255c7139ff}</UniqueIdentifier>
    </Filter>
  </ItemGroup>
  <ItemGroup>
    <ClCompile Include="ParticleOpenGl.h">
      <Filter>Pliki źródłowe</Filter>
    </ClCompile>
    <ClCompile Include="WindowManager.cpp">
      <Filter>Pliki źródłowe</Filter>
    </ClCompile>
    <ClCompile Include="Shader.cpp">
      <Filter>Pliki źródłowe</Filter>
    </ClCompile>
    <ClCompile Include="imgui\imgui_widgets.cpp">
      <Filter>Pliki źródłowe\imgui</Filter>
    </ClCompile>
    <ClCompile Include="imgui\imgui_impl_glfw.cpp">
      <Filter>Pliki źródłowe\imgui</Filter>
    </ClCompile>
    <ClCompile Include="imgui\imgui_impl_opengl3.cpp">
      <Filter>Pliki źródłowe\imgui</Filter>
    </ClCompile>
    <ClCompile Include="imgui\imgui.cpp">
      <Filter>Pliki źródłowe\imgui</Filter>
    </ClCompile>
    <ClCompile Include="imgui\imgui_demo.cpp">
      <Filter>Pliki źródłowe\imgui</Filter>
    </ClCompile>
    <ClCompile Include="imgui\imgui_draw.cpp">
      <Filter>Pliki źródłowe\imgui</Filter>
    </ClCompile>
    <ClCompile Include="imgui\imgui_tables.cpp">
      <Filter>Pliki źródłowe\imgui</Filter>
    </ClCompile>
    <ClCompile Include="Application.cpp">
      <Filter>Pliki źródłowe</Filter>
    </ClCompile>
    <ClCompile Include="FileBrowser.cpp">
      <Filter>Pliki źródłowe\Render\UI</Filter>
    </ClCompile>
    <ClCompile Include="PropertyPanel.cpp">
      <Filter>Pliki źródłowe\Render\UI</Filter>
    </ClCompile>
    <ClCompile Include="SceneView.cpp">
      <Filter>Pliki źródłowe\Render\UI</Filter>
    </ClCompile>
    <ClCompile Include="Camera.cpp">
      <Filter>Pliki źródłowe\objects</Filter>
    </ClCompile>
    <ClCompile Include="Mesh.cpp">
      <Filter>Pliki źródłowe\objects</Filter>
    </ClCompile>
    <ClCompile Include="Model.cpp">
      <Filter>Pliki źródłowe\objects</Filter>
    </ClCompile>
    <ClCompile Include="ItemsSelectionPanel.cpp">
      <Filter>Pliki źródłowe\Render\UI</Filter>
    </ClCompile>
    <ClCompile Include="AssetManager.cpp">
      <Filter>Pliki źródłowe</Filter>
    </ClCompile>
    <ClCompile Include="LightSource.cpp">
      <Filter>Pliki źródłowe</Filter>
    </ClCompile>
    <ClCompile Include="FrameBuffer.cpp">
      <Filter>Pliki źródłowe\Render</Filter>
    </ClCompile>
    <ClCompile Include="OpenGlFrameBuffer.cpp">
      <Filter>Pliki źródłowe\Render</Filter>
    </ClCompile>
    <ClCompile Include="OpenGlContext.cpp">
      <Filter>Pliki źródłowe\Render\Context</Filter>
    </ClCompile>
    <ClCompile Include="RenderContext.cpp">
      <Filter>Pliki źródłowe\Render\Context</Filter>
    </ClCompile>
    <ClCompile Include="UIContext.cpp">
      <Filter>Pliki źródłowe\Render\Context</Filter>
    </ClCompile>
    <ClCompile Include="InputManager.cpp">
      <Filter>Pliki źródłowe</Filter>
    </ClCompile>
    <ClCompile Include="Window.cpp">
      <Filter>Pliki źródłowe\Render</Filter>
    </ClCompile>
    <ClCompile Include="EntityManager.cpp">
      <Filter>Pliki źródłowe\ECS</Filter>
    </ClCompile>
    <ClCompile Include="Component.cpp">
      <Filter>Pliki źródłowe\ECS</Filter>
    </ClCompile>
    <ClCompile Include="System.cpp">
      <Filter>Pliki źródłowe\ECS</Filter>
    </ClCompile>
    <ClCompile Include="Coordinator.cpp">
      <Filter>Pliki źródłowe\ECS</Filter>
    </ClCompile>
    <ClCompile Include="SystemManager.cpp">
      <Filter>Pliki źródłowe\ECS</Filter>
    </ClCompile>
    <ClCompile Include="LightComponent.cpp">
      <Filter>Pliki źródłowe\ECS\Components</Filter>
    </ClCompile>
    <ClCompile Include="MeshComponent.cpp">
      <Filter>Pliki źródłowe\ECS\Components</Filter>
    </ClCompile>
    <ClCompile Include="ComponentManager.cpp">
      <Filter>Pliki źródłowe\ECS</Filter>
    </ClCompile>
    <ClCompile Include="PhysicComponent.cpp">
      <Filter>Pliki źródłowe\ECS\Components</Filter>
    </ClCompile>
    <ClCompile Include="TextureComponent.cpp">
      <Filter>Pliki źródłowe\ECS\Components</Filter>
    </ClCompile>
    <ClCompile Include="PhysicSystem.cpp">
      <Filter>Pliki źródłowe\ECS\Systems</Filter>
    </ClCompile>
  </ItemGroup>
  <ItemGroup>
    <ClInclude Include="InputManager.h">
      <Filter>Pliki nagłówkowe</Filter>
    </ClInclude>
    <ClInclude Include="WindowManager.h">
      <Filter>Pliki nagłówkowe</Filter>
    </ClInclude>
    <ClInclude Include="Shader.h">
      <Filter>Pliki nagłówkowe</Filter>
    </ClInclude>
    <ClInclude Include="imgui\imgui.h">
      <Filter>Pliki nagłówkowe\imgui</Filter>
    </ClInclude>
    <ClInclude Include="imgui\imgui_internal.h">
      <Filter>Pliki nagłówkowe\imgui</Filter>
    </ClInclude>
    <ClInclude Include="imgui\imstb_rectpack.h">
      <Filter>Pliki nagłówkowe\imgui</Filter>
    </ClInclude>
    <ClInclude Include="imgui\imstb_textedit.h">
      <Filter>Pliki nagłówkowe\imgui</Filter>
    </ClInclude>
    <ClInclude Include="imgui\imstb_truetype.h">
      <Filter>Pliki nagłówkowe\imgui</Filter>
    </ClInclude>
    <ClInclude Include="imgui\imgui_impl_glfw.h">
      <Filter>Pliki nagłówkowe\imgui</Filter>
    </ClInclude>
    <ClInclude Include="imgui\imgui_impl_opengl3_loader.h">
      <Filter>Pliki nagłówkowe\imgui</Filter>
    </ClInclude>
    <ClInclude Include="imgui\imgui_impl_opengl3.h">
      <Filter>Pliki nagłówkowe\imgui</Filter>
    </ClInclude>
    <ClInclude Include="imgui\imconfig.h">
      <Filter>Pliki nagłówkowe\imgui</Filter>
    </ClInclude>
    <ClInclude Include="Application.h">
      <Filter>Pliki nagłówkowe</Filter>
    </ClInclude>
    <ClInclude Include="FileBrowser.h">
      <Filter>Pliki nagłówkowe\Render\UI</Filter>
    </ClInclude>
    <ClInclude Include="SceneView.h">
      <Filter>Pliki nagłówkowe\Render\UI</Filter>
    </ClInclude>
    <ClInclude Include="PropertyPanel.h">
      <Filter>Pliki nagłówkowe\Render\UI</Filter>
    </ClInclude>
    <ClInclude Include="Mesh.h">
      <Filter>Pliki nagłówkowe\objects</Filter>
    </ClInclude>
    <ClInclude Include="Model.h">
      <Filter>Pliki nagłówkowe\objects</Filter>
    </ClInclude>
    <ClInclude Include="Camera.h">
      <Filter>Pliki nagłówkowe\objects</Filter>
    </ClInclude>
    <ClInclude Include="UIComponent.h">
      <Filter>Pliki nagłówkowe\Render\UI</Filter>
    </ClInclude>
    <ClInclude Include="ItemsSelectionPanel.h">
      <Filter>Pliki nagłówkowe\Render\UI</Filter>
    </ClInclude>
    <ClInclude Include="AssetManager.h">
      <Filter>Pliki nagłówkowe</Filter>
    </ClInclude>
    <ClInclude Include="LightSource.h">
      <Filter>Pliki nagłówkowe</Filter>
    </ClInclude>
    <ClInclude Include="FrameBuffer.h">
      <Filter>Pliki nagłówkowe\Render</Filter>
    </ClInclude>
    <ClInclude Include="IWindow.h">
      <Filter>Pliki nagłówkowe\Render</Filter>
    </ClInclude>
    <ClInclude Include="OpenGlFrameBuffer.h">
      <Filter>Pliki nagłówkowe\Render</Filter>
    </ClInclude>
    <ClInclude Include="Window.h">
      <Filter>Pliki nagłówkowe\Render</Filter>
    </ClInclude>
    <ClInclude Include="OpenGlContext.h">
      <Filter>Pliki nagłówkowe\Render\Context</Filter>
    </ClInclude>
    <ClInclude Include="RenderContext.h">
      <Filter>Pliki nagłówkowe\Render\Context</Filter>
    </ClInclude>
    <ClInclude Include="UIContext.h">
      <Filter>Pliki nagłówkowe\Render\Context</Filter>
    </ClInclude>
    <ClInclude Include="EntityManager.h">
      <Filter>Pliki nagłówkowe\ECS</Filter>
    </ClInclude>
    <ClInclude Include="Component.h">
      <Filter>Pliki nagłówkowe\ECS</Filter>
    </ClInclude>
    <ClInclude Include="System.h">
      <Filter>Pliki nagłówkowe\ECS</Filter>
    </ClInclude>
    <ClInclude Include="SystemManager.h">
      <Filter>Pliki nagłówkowe\ECS</Filter>
    </ClInclude>
    <ClInclude Include="Coordinator.h">
      <Filter>Pliki nagłówkowe\ECS</Filter>
    </ClInclude>
    <ClInclude Include="TextureComponent.h">
      <Filter>Pliki nagłówkowe\ECS\Components</Filter>
    </ClInclude>
    <ClInclude Include="PhysicComponent.h">
      <Filter>Pliki nagłówkowe\ECS\Components</Filter>
    </ClInclude>
    <ClInclude Include="MeshComponent.h">
      <Filter>Pliki nagłówkowe\ECS\Components</Filter>
    </ClInclude>
    <ClInclude Include="LightComponent.h">
      <Filter>Pliki nagłówkowe\ECS\Components</Filter>
    </ClInclude>
    <ClInclude Include="ComponentManager.h">
      <Filter>Pliki nagłówkowe\ECS</Filter>
    </ClInclude>
    <ClInclude Include="PhysicSystem.h">
      <Filter>Pliki nagłówkowe\ECS\Systems</Filter>
    </ClInclude>
    <ClInclude Include="Types.h">
      <Filter>Pliki nagłówkowe\ECS</Filter>
    </ClInclude>
  </ItemGroup>
  <ItemGroup>
    <None Include="shaders\DefaultCubeShader\DefaultCube_FragmentShader.fs" />
    <None Include="shaders\DefaultCubeShader\DefaultCube_VertexShader.vs" />
    <None Include="shaders\LightSourceShader\LightSource_FragmentShader.fs" />
    <None Include="shaders\LightSourceShader\LightSource_VertexShader.vs" />
  </ItemGroup>
</Project>