<?xml version="1.0" encoding="utf-8"?>
<Project ToolsVersion="4.0" xmlns="http://schemas.microsoft.com/developer/msbuild/2003">
  <ItemGroup>
    <Filter Include="Pliki źródłowe">
      <UniqueIdentifier>{4FC737F1-C7A5-4376-A066-2A32D752A2FF}</UniqueIdentifier>
      <Extensions>cpp;c;cc;cxx;c++;cppm;ixx;def;odl;idl;hpj;bat;asm;asmx</Extensions>
    </Filter>
    <Filter Include="Pliki nagłówkowe">
      <UniqueIdentifier>{93995380-89BD-4b04-88EB-625FBE52EBFB}</UniqueIdentifier>
      <Extensions>h;hh;hpp;hxx;h++;hm;inl;inc;ipp;xsd</Extensions>
    </Filter>
    <Filter Include="Pliki zasobów">
      <UniqueIdentifier>{67DA6AB6-F800-4c08-8B7A-83BB121AAD01}</UniqueIdentifier>
      <Extensions>rc;ico;cur;bmp;dlg;rc2;rct;bin;rgs;gif;jpg;jpeg;jpe;resx;tiff;tif;png;wav;mfcribbon-ms</Extensions>
    </Filter>
    <Filter Include="Pliki nagłówkowe\Window">
      <UniqueIdentifier>{46f9271d-7537-4d76-aeb4-53abc81a8e41}</UniqueIdentifier>
    </Filter>
    <Filter Include="Pliki źródłowe\Window">
      <UniqueIdentifier>{f4e907c6-2cc4-489c-8897-da0686a44c70}</UniqueIdentifier>
    </Filter>
    <Filter Include="Pliki źródłowe\Window\Context">
      <UniqueIdentifier>{06ab498e-5004-478e-94e1-130baaa4a186}</UniqueIdentifier>
    </Filter>
    <Filter Include="Pliki nagłówkowe\Window\Context">
      <UniqueIdentifier>{e9676b50-b311-4e8e-bde7-e9596ba8d028}</UniqueIdentifier>
    </Filter>
  </ItemGroup>
  <ItemGroup>
    <ClCompile Include="ParticleOpenGl.cpp">
      <Filter>Pliki źródłowe</Filter>
    </ClCompile>
    <ClCompile Include="OpenGlContext.cpp">
      <Filter>Pliki źródłowe\Window\Context</Filter>
    </ClCompile>
    <ClCompile Include="UIContext.cpp">
      <Filter>Pliki źródłowe\Window\Context</Filter>
    </ClCompile>
    <ClCompile Include="Application.cpp">
      <Filter>Pliki źródłowe</Filter>
    </ClCompile>
    <ClCompile Include="Collision.cpp">
      <Filter>Pliki źródłowe</Filter>
    </ClCompile>
    <ClCompile Include="SystemInitializer.cpp">
      <Filter>Pliki źródłowe</Filter>
    </ClCompile>
    <ClCompile Include="SystemInterface.cpp">
      <Filter>Pliki źródłowe</Filter>
    </ClCompile>
    <ClCompile Include="Window.cpp">
      <Filter>Pliki źródłowe\Window</Filter>
    </ClCompile>
    <ClCompile Include="RenderContext.cpp">
      <Filter>Pliki źródłowe\Window\Context</Filter>
    </ClCompile>
  </ItemGroup>
  <ItemGroup>
    <ClInclude Include="OpenGlContext.h">
      <Filter>Pliki nagłówkowe\Window\Context</Filter>
    </ClInclude>
    <ClInclude Include="RenderContext.h">
      <Filter>Pliki nagłówkowe\Window\Context</Filter>
    </ClInclude>
    <ClInclude Include="UIContext.h">
      <Filter>Pliki nagłówkowe\Window\Context</Filter>
    </ClInclude>
    <ClInclude Include="Application.h">
      <Filter>Pliki nagłówkowe</Filter>
    </ClInclude>
    <ClInclude Include="SystemInitializer.h">
      <Filter>Pliki nagłówkowe</Filter>
    </ClInclude>
    <ClInclude Include="Build.h">
      <Filter>Pliki nagłówkowe</Filter>
    </ClInclude>
    <ClInclude Include="SystemInterface.h">
      <Filter>Pliki nagłówkowe</Filter>
    </ClInclude>
    <ClInclude Include="Window.h">
      <Filter>Pliki nagłówkowe\Window</Filter>
    </ClInclude>
    <ClInclude Include="IWindow.h">
      <Filter>Pliki nagłówkowe\Window</Filter>
    </ClInclude>
  </ItemGroup>
  <ItemGroup>
    <None Include="shaders\DefaultCubeShader\DefaultCube_FragmentShader.fs" />
    <None Include="shaders\DefaultCubeShader\DefaultCube_VertexShader.vs" />
    <None Include="shaders\LightSourceShader\LightSource_FragmentShader.fs" />
    <None Include="shaders\LightSourceShader\LightSource_VertexShader.vs" />
  </ItemGroup>
</Project>