<?xml version="1.0" encoding="utf-8"?>
<Project ToolsVersion="4.0" xmlns="http://schemas.microsoft.com/developer/msbuild/2003">
  <ItemGroup>
    <Filter Include="Source Files">
      <UniqueIdentifier>{4FC737F1-C7A5-4376-A066-2A32D752A2FF}</UniqueIdentifier>
      <Extensions>cpp;c;cc;cxx;c++;cppm;ixx;def;odl;idl;hpj;bat;asm;asmx</Extensions>
    </Filter>
    <Filter Include="Header Files">
      <UniqueIdentifier>{93995380-89BD-4b04-88EB-625FBE52EBFB}</UniqueIdentifier>
      <Extensions>h;hh;hpp;hxx;h++;hm;inl;inc;ipp;xsd</Extensions>
    </Filter>
    <Filter Include="Resource Files">
      <UniqueIdentifier>{67DA6AB6-F800-4c08-8B7A-83BB121AAD01}</UniqueIdentifier>
      <Extensions>rc;ico;cur;bmp;dlg;rc2;rct;bin;rgs;gif;jpg;jpeg;jpe;resx;tiff;tif;png;wav;mfcribbon-ms</Extensions>
    </Filter>
    <Filter Include="Source Files\UI">
      <UniqueIdentifier>{b60fa07d-d823-46f3-a8db-33a9614210c8}</UniqueIdentifier>
    </Filter>
    <Filter Include="Header Files\UI">
      <UniqueIdentifier>{44de437b-d91c-4961-baa6-c077a6409b92}</UniqueIdentifier>
    </Filter>
    <Filter Include="Source Files\FrameBuffer">
      <UniqueIdentifier>{6e0d21bc-f5dc-407e-bedb-601202f11ff9}</UniqueIdentifier>
    </Filter>
    <Filter Include="Header Files\FrameBuffer">
      <UniqueIdentifier>{56debc50-071e-43e0-b7b2-e74c144299f6}</UniqueIdentifier>
    </Filter>
  </ItemGroup>
  <ItemGroup>
    <ClCompile Include="UiSystem.cpp">
      <Filter>Source Files</Filter>
    </ClCompile>
    <ClCompile Include="UI\AddingPanel.cpp">
      <Filter>Source Files\UI</Filter>
    </ClCompile>
    <ClCompile Include="UI\ControlPanel.cpp">
      <Filter>Source Files\UI</Filter>
    </ClCompile>
    <ClCompile Include="UI\FileBrowser.cpp">
      <Filter>Source Files\UI</Filter>
    </ClCompile>
    <ClCompile Include="UI\ItemsSelectionPanel.cpp">
      <Filter>Source Files\UI</Filter>
    </ClCompile>
    <ClCompile Include="UI\PropertyPanel.cpp">
      <Filter>Source Files\UI</Filter>
    </ClCompile>
    <ClCompile Include="UI\SceneView.cpp">
      <Filter>Source Files\UI</Filter>
    </ClCompile>
    <ClCompile Include="FrameBuffer\FrameBuffer.cpp">
      <Filter>Source Files\FrameBuffer</Filter>
    </ClCompile>
    <ClCompile Include="FrameBuffer\OpenGlFrameBuffer.cpp">
      <Filter>Source Files\FrameBuffer</Filter>
    </ClCompile>
  </ItemGroup>
  <ItemGroup>
    <ClInclude Include="UI\AddingPanel.h">
      <Filter>Header Files\UI</Filter>
    </ClInclude>
    <ClInclude Include="UI\ControlPanel.h">
      <Filter>Header Files\UI</Filter>
    </ClInclude>
    <ClInclude Include="UI\FileBrowser.h">
      <Filter>Header Files\UI</Filter>
    </ClInclude>
    <ClInclude Include="UI\ItemsSelectionPanel.h">
      <Filter>Header Files\UI</Filter>
    </ClInclude>
    <ClInclude Include="UI\PropertyPanel.h">
      <Filter>Header Files\UI</Filter>
    </ClInclude>
    <ClInclude Include="UI\SceneView.h">
      <Filter>Header Files\UI</Filter>
    </ClInclude>
    <ClInclude Include="UiSystem.h">
      <Filter>Header Files</Filter>
    </ClInclude>
    <ClInclude Include="UI\UIComponent.h">
      <Filter>Header Files\UI</Filter>
    </ClInclude>
    <ClInclude Include="FrameBuffer\FrameBuffer.h">
      <Filter>Header Files\FrameBuffer</Filter>
    </ClInclude>
    <ClInclude Include="FrameBuffer\OpenGlFrameBuffer.h">
      <Filter>Header Files\FrameBuffer</Filter>
    </ClInclude>
  </ItemGroup>
</Project>